
Microsoft Visual Studio Solution File, Format Version 12.00
# Visual Studio Version 16
VisualStudioVersion = 16.0.30804.86
MinimumVisualStudioVersion = 10.0.40219.1
Project("{FAE04EC0-301F-11D3-BF4B-00C04F79EFBC}") = "DogBarderShopWebApp", "DogBarderShopWebApp.csproj", "{3DC019C7-964A-4411-BFB1-E83B8A6B5EC3}"
EndProject
Global
	GlobalSection(SolutionConfigurationPlatforms) = preSolution
		Debug|Any CPU = Debug|Any CPU
		Release|Any CPU = Release|Any CPU
	EndGlobalSection
	GlobalSection(ProjectConfigurationPlatforms) = postSolution
		{3DC019C7-964A-4411-BFB1-E83B8A6B5EC3}.Debug|Any CPU.ActiveCfg = Debug|Any CPU
		{3DC019C7-964A-4411-BFB1-E83B8A6B5EC3}.Debug|Any CPU.Build.0 = Debug|Any CPU
		{3DC019C7-964A-4411-BFB1-E83B8A6B5EC3}.Release|Any CPU.ActiveCfg = Release|Any CPU
		{3DC019C7-964A-4411-BFB1-E83B8A6B5EC3}.Release|Any CPU.Build.0 = Release|Any CPU
	EndGlobalSection
	GlobalSection(SolutionProperties) = preSolution
		HideSolutionNode = FALSE
	EndGlobalSection
	GlobalSection(ExtensibilityGlobals) = postSolution
		SolutionGuid = {B11AC4B4-5551-4BE8-BA5E-A2A4D162CF36}
	EndGlobalSection
EndGlobal
